
Microsoft Visual Studio Solution File, Format Version 12.00
# Visual Studio 15
VisualStudioVersion = 15.0.27703.2042
MinimumVisualStudioVersion = 10.0.40219.1
Project("{FAE04EC0-301F-11D3-BF4B-00C04F79EFBC}") = "LIP.Android", "LIP\LIP.Android\LIP.Android.csproj", "{57FAA93B-3363-43C8-A76A-9E96E54AD99E}"
EndProject
Project("{FAE04EC0-301F-11D3-BF4B-00C04F79EFBC}") = "LIP.iOS", "LIP\LIP.iOS\LIP.iOS.csproj", "{12F50600-6AB4-441F-B2A9-2553FE587B56}"
EndProject
Project("{FAE04EC0-301F-11D3-BF4B-00C04F79EFBC}") = "LIP.UWP", "LIP\LIP.UWP\LIP.UWP.csproj", "{0516663C-C79D-4CF8-B8EA-4ED0045A6742}"
EndProject
Project("{D954291E-2A0B-460D-934E-DC6B0785DB48}") = "LIP", "LIP\LIP\LIP.shproj", "{C2793E7F-DB4E-4B07-890D-D30E0F57485E}"
EndProject
Global
	GlobalSection(SharedMSBuildProjectFiles) = preSolution
		LIP\LIP\LIP.projitems*{12f50600-6ab4-441f-b2a9-2553fe587b56}*SharedItemsImports = 4
		LIP\LIP\LIP.projitems*{57faa93b-3363-43c8-a76a-9e96e54ad99e}*SharedItemsImports = 4
		LIP\LIP\LIP.projitems*{c2793e7f-db4e-4b07-890d-d30e0f57485e}*SharedItemsImports = 13
	EndGlobalSection
	GlobalSection(SolutionConfigurationPlatforms) = preSolution
		Ad-Hoc|Any CPU = Ad-Hoc|Any CPU
		Ad-Hoc|ARM = Ad-Hoc|ARM
		Ad-Hoc|iPhone = Ad-Hoc|iPhone
		Ad-Hoc|iPhoneSimulator = Ad-Hoc|iPhoneSimulator
		Ad-Hoc|x64 = Ad-Hoc|x64
		Ad-Hoc|x86 = Ad-Hoc|x86
		AppStore|Any CPU = AppStore|Any CPU
		AppStore|ARM = AppStore|ARM
		AppStore|iPhone = AppStore|iPhone
		AppStore|iPhoneSimulator = AppStore|iPhoneSimulator
		AppStore|x64 = AppStore|x64
		AppStore|x86 = AppStore|x86
		Debug|Any CPU = Debug|Any CPU
		Debug|ARM = Debug|ARM
		Debug|iPhone = Debug|iPhone
		Debug|iPhoneSimulator = Debug|iPhoneSimulator
		Debug|x64 = Debug|x64
		Debug|x86 = Debug|x86
		Release|Any CPU = Release|Any CPU
		Release|ARM = Release|ARM
		Release|iPhone = Release|iPhone
		Release|iPhoneSimulator = Release|iPhoneSimulator
		Release|x64 = Release|x64
		Release|x86 = Release|x86
	EndGlobalSection
	GlobalSection(ProjectConfigurationPlatforms) = postSolution
		{57FAA93B-3363-43C8-A76A-9E96E54AD99E}.Ad-Hoc|Any CPU.ActiveCfg = Release|Any CPU
		{57FAA93B-3363-43C8-A76A-9E96E54AD99E}.Ad-Hoc|Any CPU.Build.0 = Release|Any CPU
		{57FAA93B-3363-43C8-A76A-9E96E54AD99E}.Ad-Hoc|Any CPU.Deploy.0 = Release|Any CPU
		{57FAA93B-3363-43C8-A76A-9E96E54AD99E}.Ad-Hoc|ARM.ActiveCfg = Release|Any CPU
		{57FAA93B-3363-43C8-A76A-9E96E54AD99E}.Ad-Hoc|ARM.Build.0 = Release|Any CPU
		{57FAA93B-3363-43C8-A76A-9E96E54AD99E}.Ad-Hoc|ARM.Deploy.0 = Release|Any CPU
		{57FAA93B-3363-43C8-A76A-9E96E54AD99E}.Ad-Hoc|iPhone.ActiveCfg = Release|Any CPU
		{57FAA93B-3363-43C8-A76A-9E96E54AD99E}.Ad-Hoc|iPhone.Build.0 = Release|Any CPU
		{57FAA93B-3363-43C8-A76A-9E96E54AD99E}.Ad-Hoc|iPhone.Deploy.0 = Release|Any CPU
		{57FAA93B-3363-43C8-A76A-9E96E54AD99E}.Ad-Hoc|iPhoneSimulator.ActiveCfg = Release|Any CPU
		{57FAA93B-3363-43C8-A76A-9E96E54AD99E}.Ad-Hoc|iPhoneSimulator.Build.0 = Release|Any CPU
		{57FAA93B-3363-43C8-A76A-9E96E54AD99E}.Ad-Hoc|iPhoneSimulator.Deploy.0 = Release|Any CPU
		{57FAA93B-3363-43C8-A76A-9E96E54AD99E}.Ad-Hoc|x64.ActiveCfg = Release|Any CPU
		{57FAA93B-3363-43C8-A76A-9E96E54AD99E}.Ad-Hoc|x64.Build.0 = Release|Any CPU
		{57FAA93B-3363-43C8-A76A-9E96E54AD99E}.Ad-Hoc|x64.Deploy.0 = Release|Any CPU
		{57FAA93B-3363-43C8-A76A-9E96E54AD99E}.Ad-Hoc|x86.ActiveCfg = Release|Any CPU
		{57FAA93B-3363-43C8-A76A-9E96E54AD99E}.Ad-Hoc|x86.Build.0 = Release|Any CPU
		{57FAA93B-3363-43C8-A76A-9E96E54AD99E}.Ad-Hoc|x86.Deploy.0 = Release|Any CPU
		{57FAA93B-3363-43C8-A76A-9E96E54AD99E}.AppStore|Any CPU.ActiveCfg = Release|Any CPU
		{57FAA93B-3363-43C8-A76A-9E96E54AD99E}.AppStore|Any CPU.Build.0 = Release|Any CPU
		{57FAA93B-3363-43C8-A76A-9E96E54AD99E}.AppStore|Any CPU.Deploy.0 = Release|Any CPU
		{57FAA93B-3363-43C8-A76A-9E96E54AD99E}.AppStore|ARM.ActiveCfg = Release|Any CPU
		{57FAA93B-3363-43C8-A76A-9E96E54AD99E}.AppStore|ARM.Build.0 = Release|Any CPU
		{57FAA93B-3363-43C8-A76A-9E96E54AD99E}.AppStore|ARM.Deploy.0 = Release|Any CPU
		{57FAA93B-3363-43C8-A76A-9E96E54AD99E}.AppStore|iPhone.ActiveCfg = Release|Any CPU
		{57FAA93B-3363-43C8-A76A-9E96E54AD99E}.AppStore|iPhone.Build.0 = Release|Any CPU
		{57FAA93B-3363-43C8-A76A-9E96E54AD99E}.AppStore|iPhone.Deploy.0 = Release|Any CPU
		{57FAA93B-3363-43C8-A76A-9E96E54AD99E}.AppStore|iPhoneSimulator.ActiveCfg = Release|Any CPU
		{57FAA93B-3363-43C8-A76A-9E96E54AD99E}.AppStore|iPhoneSimulator.Build.0 = Release|Any CPU
		{57FAA93B-3363-43C8-A76A-9E96E54AD99E}.AppStore|iPhoneSimulator.Deploy.0 = Release|Any CPU
		{57FAA93B-3363-43C8-A76A-9E96E54AD99E}.AppStore|x64.ActiveCfg = Release|Any CPU
		{57FAA93B-3363-43C8-A76A-9E96E54AD99E}.AppStore|x64.Build.0 = Release|Any CPU
		{57FAA93B-3363-43C8-A76A-9E96E54AD99E}.AppStore|x64.Deploy.0 = Release|Any CPU
		{57FAA93B-3363-43C8-A76A-9E96E54AD99E}.AppStore|x86.ActiveCfg = Release|Any CPU
		{57FAA93B-3363-43C8-A76A-9E96E54AD99E}.AppStore|x86.Build.0 = Release|Any CPU
		{57FAA93B-3363-43C8-A76A-9E96E54AD99E}.AppStore|x86.Deploy.0 = Release|Any CPU
		{57FAA93B-3363-43C8-A76A-9E96E54AD99E}.Debug|Any CPU.ActiveCfg = Debug|Any CPU
		{57FAA93B-3363-43C8-A76A-9E96E54AD99E}.Debug|Any CPU.Build.0 = Debug|Any CPU
		{57FAA93B-3363-43C8-A76A-9E96E54AD99E}.Debug|Any CPU.Deploy.0 = Debug|Any CPU
		{57FAA93B-3363-43C8-A76A-9E96E54AD99E}.Debug|ARM.ActiveCfg = Debug|Any CPU
		{57FAA93B-3363-43C8-A76A-9E96E54AD99E}.Debug|ARM.Build.0 = Debug|Any CPU
		{57FAA93B-3363-43C8-A76A-9E96E54AD99E}.Debug|ARM.Deploy.0 = Debug|Any CPU
		{57FAA93B-3363-43C8-A76A-9E96E54AD99E}.Debug|iPhone.ActiveCfg = Debug|Any CPU
		{57FAA93B-3363-43C8-A76A-9E96E54AD99E}.Debug|iPhone.Build.0 = Debug|Any CPU
		{57FAA93B-3363-43C8-A76A-9E96E54AD99E}.Debug|iPhone.Deploy.0 = Debug|Any CPU
		{57FAA93B-3363-43C8-A76A-9E96E54AD99E}.Debug|iPhoneSimulator.ActiveCfg = Debug|Any CPU
		{57FAA93B-3363-43C8-A76A-9E96E54AD99E}.Debug|iPhoneSimulator.Build.0 = Debug|Any CPU
		{57FAA93B-3363-43C8-A76A-9E96E54AD99E}.Debug|iPhoneSimulator.Deploy.0 = Debug|Any CPU
		{57FAA93B-3363-43C8-A76A-9E96E54AD99E}.Debug|x64.ActiveCfg = Debug|Any CPU
		{57FAA93B-3363-43C8-A76A-9E96E54AD99E}.Debug|x64.Build.0 = Debug|Any CPU
		{57FAA93B-3363-43C8-A76A-9E96E54AD99E}.Debug|x64.Deploy.0 = Debug|Any CPU
		{57FAA93B-3363-43C8-A76A-9E96E54AD99E}.Debug|x86.ActiveCfg = Debug|Any CPU
		{57FAA93B-3363-43C8-A76A-9E96E54AD99E}.Debug|x86.Build.0 = Debug|Any CPU
		{57FAA93B-3363-43C8-A76A-9E96E54AD99E}.Debug|x86.Deploy.0 = Debug|Any CPU
		{57FAA93B-3363-43C8-A76A-9E96E54AD99E}.Release|Any CPU.ActiveCfg = Release|Any CPU
		{57FAA93B-3363-43C8-A76A-9E96E54AD99E}.Release|Any CPU.Build.0 = Release|Any CPU
		{57FAA93B-3363-43C8-A76A-9E96E54AD99E}.Release|Any CPU.Deploy.0 = Release|Any CPU
		{57FAA93B-3363-43C8-A76A-9E96E54AD99E}.Release|ARM.ActiveCfg = Release|Any CPU
		{57FAA93B-3363-43C8-A76A-9E96E54AD99E}.Release|ARM.Build.0 = Release|Any CPU
		{57FAA93B-3363-43C8-A76A-9E96E54AD99E}.Release|ARM.Deploy.0 = Release|Any CPU
		{57FAA93B-3363-43C8-A76A-9E96E54AD99E}.Release|iPhone.ActiveCfg = Release|Any CPU
		{57FAA93B-3363-43C8-A76A-9E96E54AD99E}.Release|iPhone.Build.0 = Release|Any CPU
		{57FAA93B-3363-43C8-A76A-9E96E54AD99E}.Release|iPhone.Deploy.0 = Release|Any CPU
		{57FAA93B-3363-43C8-A76A-9E96E54AD99E}.Release|iPhoneSimulator.ActiveCfg = Release|Any CPU
		{57FAA93B-3363-43C8-A76A-9E96E54AD99E}.Release|iPhoneSimulator.Build.0 = Release|Any CPU
		{57FAA93B-3363-43C8-A76A-9E96E54AD99E}.Release|iPhoneSimulator.Deploy.0 = Release|Any CPU
		{57FAA93B-3363-43C8-A76A-9E96E54AD99E}.Release|x64.ActiveCfg = Release|Any CPU
		{57FAA93B-3363-43C8-A76A-9E96E54AD99E}.Release|x64.Build.0 = Release|Any CPU
		{57FAA93B-3363-43C8-A76A-9E96E54AD99E}.Release|x64.Deploy.0 = Release|Any CPU
		{57FAA93B-3363-43C8-A76A-9E96E54AD99E}.Release|x86.ActiveCfg = Release|Any CPU
		{57FAA93B-3363-43C8-A76A-9E96E54AD99E}.Release|x86.Build.0 = Release|Any CPU
		{57FAA93B-3363-43C8-A76A-9E96E54AD99E}.Release|x86.Deploy.0 = Release|Any CPU
		{12F50600-6AB4-441F-B2A9-2553FE587B56}.Ad-Hoc|Any CPU.ActiveCfg = Ad-Hoc|iPhone
		{12F50600-6AB4-441F-B2A9-2553FE587B56}.Ad-Hoc|Any CPU.Build.0 = Ad-Hoc|iPhone
		{12F50600-6AB4-441F-B2A9-2553FE587B56}.Ad-Hoc|Any CPU.Deploy.0 = Ad-Hoc|iPhone
		{12F50600-6AB4-441F-B2A9-2553FE587B56}.Ad-Hoc|ARM.ActiveCfg = Ad-Hoc|iPhone
		{12F50600-6AB4-441F-B2A9-2553FE587B56}.Ad-Hoc|ARM.Build.0 = Ad-Hoc|iPhone
		{12F50600-6AB4-441F-B2A9-2553FE587B56}.Ad-Hoc|ARM.Deploy.0 = Ad-Hoc|iPhone
		{12F50600-6AB4-441F-B2A9-2553FE587B56}.Ad-Hoc|iPhone.ActiveCfg = Ad-Hoc|iPhone
		{12F50600-6AB4-441F-B2A9-2553FE587B56}.Ad-Hoc|iPhone.Build.0 = Ad-Hoc|iPhone
		{12F50600-6AB4-441F-B2A9-2553FE587B56}.Ad-Hoc|iPhone.Deploy.0 = Ad-Hoc|iPhone
		{12F50600-6AB4-441F-B2A9-2553FE587B56}.Ad-Hoc|iPhoneSimulator.ActiveCfg = Ad-Hoc|iPhoneSimulator
		{12F50600-6AB4-441F-B2A9-2553FE587B56}.Ad-Hoc|iPhoneSimulator.Build.0 = Ad-Hoc|iPhoneSimulator
		{12F50600-6AB4-441F-B2A9-2553FE587B56}.Ad-Hoc|iPhoneSimulator.Deploy.0 = Ad-Hoc|iPhoneSimulator
		{12F50600-6AB4-441F-B2A9-2553FE587B56}.Ad-Hoc|x64.ActiveCfg = Ad-Hoc|iPhone
		{12F50600-6AB4-441F-B2A9-2553FE587B56}.Ad-Hoc|x64.Build.0 = Ad-Hoc|iPhone
		{12F50600-6AB4-441F-B2A9-2553FE587B56}.Ad-Hoc|x64.Deploy.0 = Ad-Hoc|iPhone
		{12F50600-6AB4-441F-B2A9-2553FE587B56}.Ad-Hoc|x86.ActiveCfg = Ad-Hoc|iPhone
		{12F50600-6AB4-441F-B2A9-2553FE587B56}.Ad-Hoc|x86.Build.0 = Ad-Hoc|iPhone
		{12F50600-6AB4-441F-B2A9-2553FE587B56}.Ad-Hoc|x86.Deploy.0 = Ad-Hoc|iPhone
		{12F50600-6AB4-441F-B2A9-2553FE587B56}.AppStore|Any CPU.ActiveCfg = AppStore|iPhone
		{12F50600-6AB4-441F-B2A9-2553FE587B56}.AppStore|Any CPU.Build.0 = AppStore|iPhone
		{12F50600-6AB4-441F-B2A9-2553FE587B56}.AppStore|Any CPU.Deploy.0 = AppStore|iPhone
		{12F50600-6AB4-441F-B2A9-2553FE587B56}.AppStore|ARM.ActiveCfg = AppStore|iPhone
		{12F50600-6AB4-441F-B2A9-2553FE587B56}.AppStore|ARM.Build.0 = AppStore|iPhone
		{12F50600-6AB4-441F-B2A9-2553FE587B56}.AppStore|ARM.Deploy.0 = AppStore|iPhone
		{12F50600-6AB4-441F-B2A9-2553FE587B56}.AppStore|iPhone.ActiveCfg = AppStore|iPhone
		{12F50600-6AB4-441F-B2A9-2553FE587B56}.AppStore|iPhone.Build.0 = AppStore|iPhone
		{12F50600-6AB4-441F-B2A9-2553FE587B56}.AppStore|iPhone.Deploy.0 = AppStore|iPhone
		{12F50600-6AB4-441F-B2A9-2553FE587B56}.AppStore|iPhoneSimulator.ActiveCfg = AppStore|iPhoneSimulator
		{12F50600-6AB4-441F-B2A9-2553FE587B56}.AppStore|iPhoneSimulator.Build.0 = AppStore|iPhoneSimulator
		{12F50600-6AB4-441F-B2A9-2553FE587B56}.AppStore|iPhoneSimulator.Deploy.0 = AppStore|iPhoneSimulator
		{12F50600-6AB4-441F-B2A9-2553FE587B56}.AppStore|x64.ActiveCfg = AppStore|iPhone
		{12F50600-6AB4-441F-B2A9-2553FE587B56}.AppStore|x64.Build.0 = AppStore|iPhone
		{12F50600-6AB4-441F-B2A9-2553FE587B56}.AppStore|x64.Deploy.0 = AppStore|iPhone
		{12F50600-6AB4-441F-B2A9-2553FE587B56}.AppStore|x86.ActiveCfg = AppStore|iPhone
		{12F50600-6AB4-441F-B2A9-2553FE587B56}.AppStore|x86.Build.0 = AppStore|iPhone
		{12F50600-6AB4-441F-B2A9-2553FE587B56}.AppStore|x86.Deploy.0 = AppStore|iPhone
		{12F50600-6AB4-441F-B2A9-2553FE587B56}.Debug|Any CPU.ActiveCfg = Debug|iPhoneSimulator
		{12F50600-6AB4-441F-B2A9-2553FE587B56}.Debug|Any CPU.Build.0 = Debug|iPhoneSimulator
		{12F50600-6AB4-441F-B2A9-2553FE587B56}.Debug|Any CPU.Deploy.0 = Debug|iPhoneSimulator
		{12F50600-6AB4-441F-B2A9-2553FE587B56}.Debug|ARM.ActiveCfg = Debug|iPhone
		{12F50600-6AB4-441F-B2A9-2553FE587B56}.Debug|ARM.Build.0 = Debug|iPhone
		{12F50600-6AB4-441F-B2A9-2553FE587B56}.Debug|ARM.Deploy.0 = Debug|iPhone
		{12F50600-6AB4-441F-B2A9-2553FE587B56}.Debug|iPhone.ActiveCfg = Debug|iPhone
		{12F50600-6AB4-441F-B2A9-2553FE587B56}.Debug|iPhone.Build.0 = Debug|iPhone
		{12F50600-6AB4-441F-B2A9-2553FE587B56}.Debug|iPhone.Deploy.0 = Debug|iPhone
		{12F50600-6AB4-441F-B2A9-2553FE587B56}.Debug|iPhoneSimulator.ActiveCfg = Debug|iPhoneSimulator
		{12F50600-6AB4-441F-B2A9-2553FE587B56}.Debug|iPhoneSimulator.Build.0 = Debug|iPhoneSimulator
		{12F50600-6AB4-441F-B2A9-2553FE587B56}.Debug|iPhoneSimulator.Deploy.0 = Debug|iPhoneSimulator
		{12F50600-6AB4-441F-B2A9-2553FE587B56}.Debug|x64.ActiveCfg = Debug|iPhone
		{12F50600-6AB4-441F-B2A9-2553FE587B56}.Debug|x64.Build.0 = Debug|iPhone
		{12F50600-6AB4-441F-B2A9-2553FE587B56}.Debug|x64.Deploy.0 = Debug|iPhone
		{12F50600-6AB4-441F-B2A9-2553FE587B56}.Debug|x86.ActiveCfg = Debug|iPhone
		{12F50600-6AB4-441F-B2A9-2553FE587B56}.Debug|x86.Build.0 = Debug|iPhone
		{12F50600-6AB4-441F-B2A9-2553FE587B56}.Debug|x86.Deploy.0 = Debug|iPhone
		{12F50600-6AB4-441F-B2A9-2553FE587B56}.Release|Any CPU.ActiveCfg = Release|iPhone
		{12F50600-6AB4-441F-B2A9-2553FE587B56}.Release|Any CPU.Build.0 = Release|iPhone
		{12F50600-6AB4-441F-B2A9-2553FE587B56}.Release|Any CPU.Deploy.0 = Release|iPhone
		{12F50600-6AB4-441F-B2A9-2553FE587B56}.Release|ARM.ActiveCfg = Release|iPhone
		{12F50600-6AB4-441F-B2A9-2553FE587B56}.Release|ARM.Build.0 = Release|iPhone
		{12F50600-6AB4-441F-B2A9-2553FE587B56}.Release|ARM.Deploy.0 = Release|iPhone
		{12F50600-6AB4-441F-B2A9-2553FE587B56}.Release|iPhone.ActiveCfg = Release|iPhone
		{12F50600-6AB4-441F-B2A9-2553FE587B56}.Release|iPhone.Build.0 = Release|iPhone
		{12F50600-6AB4-441F-B2A9-2553FE587B56}.Release|iPhone.Deploy.0 = Release|iPhone
		{12F50600-6AB4-441F-B2A9-2553FE587B56}.Release|iPhoneSimulator.ActiveCfg = Release|iPhoneSimulator
		{12F50600-6AB4-441F-B2A9-2553FE587B56}.Release|iPhoneSimulator.Build.0 = Release|iPhoneSimulator
		{12F50600-6AB4-441F-B2A9-2553FE587B56}.Release|iPhoneSimulator.Deploy.0 = Release|iPhoneSimulator
		{12F50600-6AB4-441F-B2A9-2553FE587B56}.Release|x64.ActiveCfg = Release|iPhone
		{12F50600-6AB4-441F-B2A9-2553FE587B56}.Release|x64.Build.0 = Release|iPhone
		{12F50600-6AB4-441F-B2A9-2553FE587B56}.Release|x64.Deploy.0 = Release|iPhone
		{12F50600-6AB4-441F-B2A9-2553FE587B56}.Release|x86.ActiveCfg = Release|iPhone
		{12F50600-6AB4-441F-B2A9-2553FE587B56}.Release|x86.Build.0 = Release|iPhone
		{12F50600-6AB4-441F-B2A9-2553FE587B56}.Release|x86.Deploy.0 = Release|iPhone
		{0516663C-C79D-4CF8-B8EA-4ED0045A6742}.Ad-Hoc|Any CPU.ActiveCfg = Release|x86
		{0516663C-C79D-4CF8-B8EA-4ED0045A6742}.Ad-Hoc|Any CPU.Build.0 = Release|x86
		{0516663C-C79D-4CF8-B8EA-4ED0045A6742}.Ad-Hoc|Any CPU.Deploy.0 = Release|x86
		{0516663C-C79D-4CF8-B8EA-4ED0045A6742}.Ad-Hoc|ARM.ActiveCfg = Release|ARM
		{0516663C-C79D-4CF8-B8EA-4ED0045A6742}.Ad-Hoc|ARM.Build.0 = Release|ARM
		{0516663C-C79D-4CF8-B8EA-4ED0045A6742}.Ad-Hoc|ARM.Deploy.0 = Release|ARM
		{0516663C-C79D-4CF8-B8EA-4ED0045A6742}.Ad-Hoc|iPhone.ActiveCfg = Release|x86
		{0516663C-C79D-4CF8-B8EA-4ED0045A6742}.Ad-Hoc|iPhone.Build.0 = Release|x86
		{0516663C-C79D-4CF8-B8EA-4ED0045A6742}.Ad-Hoc|iPhone.Deploy.0 = Release|x86
		{0516663C-C79D-4CF8-B8EA-4ED0045A6742}.Ad-Hoc|iPhoneSimulator.ActiveCfg = Release|x86
		{0516663C-C79D-4CF8-B8EA-4ED0045A6742}.Ad-Hoc|iPhoneSimulator.Build.0 = Release|x86
		{0516663C-C79D-4CF8-B8EA-4ED0045A6742}.Ad-Hoc|iPhoneSimulator.Deploy.0 = Release|x86
		{0516663C-C79D-4CF8-B8EA-4ED0045A6742}.Ad-Hoc|x64.ActiveCfg = Release|x64
		{0516663C-C79D-4CF8-B8EA-4ED0045A6742}.Ad-Hoc|x64.Build.0 = Release|x64
		{0516663C-C79D-4CF8-B8EA-4ED0045A6742}.Ad-Hoc|x64.Deploy.0 = Release|x64
		{0516663C-C79D-4CF8-B8EA-4ED0045A6742}.Ad-Hoc|x86.ActiveCfg = Release|x86
		{0516663C-C79D-4CF8-B8EA-4ED0045A6742}.Ad-Hoc|x86.Build.0 = Release|x86
		{0516663C-C79D-4CF8-B8EA-4ED0045A6742}.Ad-Hoc|x86.Deploy.0 = Release|x86
		{0516663C-C79D-4CF8-B8EA-4ED0045A6742}.AppStore|Any CPU.ActiveCfg = Release|x86
		{0516663C-C79D-4CF8-B8EA-4ED0045A6742}.AppStore|Any CPU.Build.0 = Release|x86
		{0516663C-C79D-4CF8-B8EA-4ED0045A6742}.AppStore|Any CPU.Deploy.0 = Release|x86
		{0516663C-C79D-4CF8-B8EA-4ED0045A6742}.AppStore|ARM.ActiveCfg = Release|ARM
		{0516663C-C79D-4CF8-B8EA-4ED0045A6742}.AppStore|ARM.Build.0 = Release|ARM
		{0516663C-C79D-4CF8-B8EA-4ED0045A6742}.AppStore|ARM.Deploy.0 = Release|ARM
		{0516663C-C79D-4CF8-B8EA-4ED0045A6742}.AppStore|iPhone.ActiveCfg = Release|x86
		{0516663C-C79D-4CF8-B8EA-4ED0045A6742}.AppStore|iPhone.Build.0 = Release|x86
		{0516663C-C79D-4CF8-B8EA-4ED0045A6742}.AppStore|iPhone.Deploy.0 = Release|x86
		{0516663C-C79D-4CF8-B8EA-4ED0045A6742}.AppStore|iPhoneSimulator.ActiveCfg = Release|x86
		{0516663C-C79D-4CF8-B8EA-4ED0045A6742}.AppStore|iPhoneSimulator.Build.0 = Release|x86
		{0516663C-C79D-4CF8-B8EA-4ED0045A6742}.AppStore|iPhoneSimulator.Deploy.0 = Release|x86
		{0516663C-C79D-4CF8-B8EA-4ED0045A6742}.AppStore|x64.ActiveCfg = Release|x64
		{0516663C-C79D-4CF8-B8EA-4ED0045A6742}.AppStore|x64.Build.0 = Release|x64
		{0516663C-C79D-4CF8-B8EA-4ED0045A6742}.AppStore|x64.Deploy.0 = Release|x64
		{0516663C-C79D-4CF8-B8EA-4ED0045A6742}.AppStore|x86.ActiveCfg = Release|x86
		{0516663C-C79D-4CF8-B8EA-4ED0045A6742}.AppStore|x86.Build.0 = Release|x86
		{0516663C-C79D-4CF8-B8EA-4ED0045A6742}.AppStore|x86.Deploy.0 = Release|x86
		{0516663C-C79D-4CF8-B8EA-4ED0045A6742}.Debug|Any CPU.ActiveCfg = Debug|x86
		{0516663C-C79D-4CF8-B8EA-4ED0045A6742}.Debug|ARM.ActiveCfg = Debug|ARM
		{0516663C-C79D-4CF8-B8EA-4ED0045A6742}.Debug|ARM.Build.0 = Debug|ARM
		{0516663C-C79D-4CF8-B8EA-4ED0045A6742}.Debug|ARM.Deploy.0 = Debug|ARM
		{0516663C-C79D-4CF8-B8EA-4ED0045A6742}.Debug|iPhone.ActiveCfg = Debug|x86
		{0516663C-C79D-4CF8-B8EA-4ED0045A6742}.Debug|iPhoneSimulator.ActiveCfg = Debug|x86
		{0516663C-C79D-4CF8-B8EA-4ED0045A6742}.Debug|x64.ActiveCfg = Debug|x64
		{0516663C-C79D-4CF8-B8EA-4ED0045A6742}.Debug|x64.Build.0 = Debug|x64
		{0516663C-C79D-4CF8-B8EA-4ED0045A6742}.Debug|x64.Deploy.0 = Debug|x64
		{0516663C-C79D-4CF8-B8EA-4ED0045A6742}.Debug|x86.ActiveCfg = Debug|x86
		{0516663C-C79D-4CF8-B8EA-4ED0045A6742}.Debug|x86.Build.0 = Debug|x86
		{0516663C-C79D-4CF8-B8EA-4ED0045A6742}.Debug|x86.Deploy.0 = Debug|x86
		{0516663C-C79D-4CF8-B8EA-4ED0045A6742}.Release|Any CPU.ActiveCfg = Release|x86
		{0516663C-C79D-4CF8-B8EA-4ED0045A6742}.Release|ARM.ActiveCfg = Release|ARM
		{0516663C-C79D-4CF8-B8EA-4ED0045A6742}.Release|ARM.Build.0 = Release|ARM
		{0516663C-C79D-4CF8-B8EA-4ED0045A6742}.Release|ARM.Deploy.0 = Release|ARM
		{0516663C-C79D-4CF8-B8EA-4ED0045A6742}.Release|iPhone.ActiveCfg = Release|x86
		{0516663C-C79D-4CF8-B8EA-4ED0045A6742}.Release|iPhoneSimulator.ActiveCfg = Release|x86
		{0516663C-C79D-4CF8-B8EA-4ED0045A6742}.Release|x64.ActiveCfg = Release|x64
		{0516663C-C79D-4CF8-B8EA-4ED0045A6742}.Release|x64.Build.0 = Release|x64
		{0516663C-C79D-4CF8-B8EA-4ED0045A6742}.Release|x64.Deploy.0 = Release|x64
		{0516663C-C79D-4CF8-B8EA-4ED0045A6742}.Release|x86.ActiveCfg = Release|x86
		{0516663C-C79D-4CF8-B8EA-4ED0045A6742}.Release|x86.Build.0 = Release|x86
		{0516663C-C79D-4CF8-B8EA-4ED0045A6742}.Release|x86.Deploy.0 = Release|x86
	EndGlobalSection
	GlobalSection(SolutionProperties) = preSolution
		HideSolutionNode = FALSE
	EndGlobalSection
	GlobalSection(ExtensibilityGlobals) = postSolution
		SolutionGuid = {44C9498C-8BB7-4B60-8C9B-FA73F4277163}
	EndGlobalSection
EndGlobal
